// !$*UTF8*$!
{
	archiveVersion = 1;
	classes = {
	};
	objectVersion = 46;
	objects = {

/* Begin PBXBuildFile section */
		3B3ABE1E2F1300D94C43EE7D /* Pods_Chatapp.framework in Frameworks */ = {isa = PBXBuildFile; fileRef = 23A6DD582EA2A67B606E9332 /* Pods_Chatapp.framework */; };
		8E48FD401E97DAEB0095736C /* AuthService.swift in Sources */ = {isa = PBXBuildFile; fileRef = 8E48FD3F1E97DAEB0095736C /* AuthService.swift */; };
		8E48FD421E980CD10095736C /* DataService.swift in Sources */ = {isa = PBXBuildFile; fileRef = 8E48FD411E980CD10095736C /* DataService.swift */; };
		8E48FD441E981B540095736C /* UsersVC.swift in Sources */ = {isa = PBXBuildFile; fileRef = 8E48FD431E981B540095736C /* UsersVC.swift */; };
		8E48FD461E981C900095736C /* UserCell.swift in Sources */ = {isa = PBXBuildFile; fileRef = 8E48FD451E981C900095736C /* UserCell.swift */; };
		8E48FD481E9820B90095736C /* User.swift in Sources */ = {isa = PBXBuildFile; fileRef = 8E48FD471E9820B90095736C /* User.swift */; };
		8ED576CA1E969917008252C8 /* AppDelegate.swift in Sources */ = {isa = PBXBuildFile; fileRef = 8ED576C91E969917008252C8 /* AppDelegate.swift */; };
		8ED576D11E969917008252C8 /* Assets.xcassets in Resources */ = {isa = PBXBuildFile; fileRef = 8ED576D01E969917008252C8 /* Assets.xcassets */; };
		8ED576D41E969917008252C8 /* LaunchScreen.storyboard in Resources */ = {isa = PBXBuildFile; fileRef = 8ED576D21E969917008252C8 /* LaunchScreen.storyboard */; };
		8ED576DE1E96BD6F008252C8 /* PreviewView.swift in Sources */ = {isa = PBXBuildFile; fileRef = 8ED576DB1E96BD6F008252C8 /* PreviewView.swift */; };
		8ED576DF1E96BD6F008252C8 /* CameraViewController.swift in Sources */ = {isa = PBXBuildFile; fileRef = 8ED576DC1E96BD6F008252C8 /* CameraViewController.swift */; };
		8ED576E01E96BD6F008252C8 /* PhotoCaptureDelegate.swift in Sources */ = {isa = PBXBuildFile; fileRef = 8ED576DD1E96BD6F008252C8 /* PhotoCaptureDelegate.swift */; };
		8ED576E51E96CB74008252C8 /* Main.storyboard in Resources */ = {isa = PBXBuildFile; fileRef = 8ED576E41E96CB74008252C8 /* Main.storyboard */; };
		8ED576E81E96F355008252C8 /* CameraVCDelegate.swift in Sources */ = {isa = PBXBuildFile; fileRef = 8ED576E71E96F355008252C8 /* CameraVCDelegate.swift */; };
		8ED576EA1E972198008252C8 /* GoogleService-Info.plist in Resources */ = {isa = PBXBuildFile; fileRef = 8ED576E91E972198008252C8 /* GoogleService-Info.plist */; };
		8ED576EC1E973082008252C8 /* RoundTextField.swift in Sources */ = {isa = PBXBuildFile; fileRef = 8ED576EB1E973082008252C8 /* RoundTextField.swift */; };
		8ED576EE1E9738B9008252C8 /* RoundedButton.swift in Sources */ = {isa = PBXBuildFile; fileRef = 8ED576ED1E9738B9008252C8 /* RoundedButton.swift */; };
		8ED576F01E973CB6008252C8 /* LoginVC.swift in Sources */ = {isa = PBXBuildFile; fileRef = 8ED576EF1E973CB6008252C8 /* LoginVC.swift */; };
/* End PBXBuildFile section */

/* Begin PBXFileReference section */
		23A6DD582EA2A67B606E9332 /* Pods_Chatapp.framework */ = {isa = PBXFileReference; explicitFileType = wrapper.framework; includeInIndex = 0; path = Pods_Chatapp.framework; sourceTree = BUILT_PRODUCTS_DIR; };
		726CF5806FAF3E14418E1695 /* Pods-Chatapp.debug.xcconfig */ = {isa = PBXFileReference; includeInIndex = 1; lastKnownFileType = text.xcconfig; name = "Pods-Chatapp.debug.xcconfig"; path = "Pods/Target Support Files/Pods-Chatapp/Pods-Chatapp.debug.xcconfig"; sourceTree = "<group>"; };
		8E48FD3F1E97DAEB0095736C /* AuthService.swift */ = {isa = PBXFileReference; fileEncoding = 4; lastKnownFileType = sourcecode.swift; path = AuthService.swift; sourceTree = "<group>"; };
		8E48FD411E980CD10095736C /* DataService.swift */ = {isa = PBXFileReference; fileEncoding = 4; lastKnownFileType = sourcecode.swift; path = DataService.swift; sourceTree = "<group>"; };
		8E48FD431E981B540095736C /* UsersVC.swift */ = {isa = PBXFileReference; fileEncoding = 4; lastKnownFileType = sourcecode.swift; path = UsersVC.swift; sourceTree = "<group>"; };
		8E48FD451E981C900095736C /* UserCell.swift */ = {isa = PBXFileReference; fileEncoding = 4; lastKnownFileType = sourcecode.swift; path = UserCell.swift; sourceTree = "<group>"; };
		8E48FD471E9820B90095736C /* User.swift */ = {isa = PBXFileReference; fileEncoding = 4; lastKnownFileType = sourcecode.swift; path = User.swift; sourceTree = "<group>"; };
		8ED576C61E969917008252C8 /* Chatapp.app */ = {isa = PBXFileReference; explicitFileType = wrapper.application; includeInIndex = 0; path = Chatapp.app; sourceTree = BUILT_PRODUCTS_DIR; };
		8ED576C91E969917008252C8 /* AppDelegate.swift */ = {isa = PBXFileReference; lastKnownFileType = sourcecode.swift; path = AppDelegate.swift; sourceTree = "<group>"; };
		8ED576D01E969917008252C8 /* Assets.xcassets */ = {isa = PBXFileReference; lastKnownFileType = folder.assetcatalog; path = Assets.xcassets; sourceTree = "<group>"; };
		8ED576D31E969917008252C8 /* Base */ = {isa = PBXFileReference; lastKnownFileType = file.storyboard; name = Base; path = Base.lproj/LaunchScreen.storyboard; sourceTree = "<group>"; };
		8ED576D51E969917008252C8 /* Info.plist */ = {isa = PBXFileReference; lastKnownFileType = text.plist.xml; path = Info.plist; sourceTree = "<group>"; };
		8ED576DB1E96BD6F008252C8 /* PreviewView.swift */ = {isa = PBXFileReference; fileEncoding = 4; lastKnownFileType = sourcecode.swift; path = PreviewView.swift; sourceTree = "<group>"; };
		8ED576DC1E96BD6F008252C8 /* CameraViewController.swift */ = {isa = PBXFileReference; fileEncoding = 4; lastKnownFileType = sourcecode.swift; path = CameraViewController.swift; sourceTree = "<group>"; };
		8ED576DD1E96BD6F008252C8 /* PhotoCaptureDelegate.swift */ = {isa = PBXFileReference; fileEncoding = 4; lastKnownFileType = sourcecode.swift; path = PhotoCaptureDelegate.swift; sourceTree = "<group>"; };
		8ED576E41E96CB74008252C8 /* Main.storyboard */ = {isa = PBXFileReference; fileEncoding = 4; lastKnownFileType = file.storyboard; path = Main.storyboard; sourceTree = "<group>"; };
		8ED576E71E96F355008252C8 /* CameraVCDelegate.swift */ = {isa = PBXFileReference; fileEncoding = 4; lastKnownFileType = sourcecode.swift; path = CameraVCDelegate.swift; sourceTree = "<group>"; };
		8ED576E91E972198008252C8 /* GoogleService-Info.plist */ = {isa = PBXFileReference; fileEncoding = 4; lastKnownFileType = text.plist.xml; path = "GoogleService-Info.plist"; sourceTree = "<group>"; };
		8ED576EB1E973082008252C8 /* RoundTextField.swift */ = {isa = PBXFileReference; fileEncoding = 4; lastKnownFileType = sourcecode.swift; path = RoundTextField.swift; sourceTree = "<group>"; };
		8ED576ED1E9738B9008252C8 /* RoundedButton.swift */ = {isa = PBXFileReference; fileEncoding = 4; lastKnownFileType = sourcecode.swift; path = RoundedButton.swift; sourceTree = "<group>"; };
		8ED576EF1E973CB6008252C8 /* LoginVC.swift */ = {isa = PBXFileReference; fileEncoding = 4; lastKnownFileType = sourcecode.swift; path = LoginVC.swift; sourceTree = "<group>"; };
		EFF2DB73A4CE17EBD445B94D /* Pods-Chatapp.release.xcconfig */ = {isa = PBXFileReference; includeInIndex = 1; lastKnownFileType = text.xcconfig; name = "Pods-Chatapp.release.xcconfig"; path = "Pods/Target Support Files/Pods-Chatapp/Pods-Chatapp.release.xcconfig"; sourceTree = "<group>"; };
/* End PBXFileReference section */

/* Begin PBXFrameworksBuildPhase section */
		8ED576C31E969917008252C8 /* Frameworks */ = {
			isa = PBXFrameworksBuildPhase;
			buildActionMask = 2147483647;
			files = (
				3B3ABE1E2F1300D94C43EE7D /* Pods_Chatapp.framework in Frameworks */,
			);
			runOnlyForDeploymentPostprocessing = 0;
		};
/* End PBXFrameworksBuildPhase section */

/* Begin PBXGroup section */
		5C936B4965E8CC6F40277BAA /* Frameworks */ = {
			isa = PBXGroup;
			children = (
				23A6DD582EA2A67B606E9332 /* Pods_Chatapp.framework */,
			);
			name = Frameworks;
			sourceTree = "<group>";
		};
		8E48FD3E1E97DAC40095736C /* Services */ = {
			isa = PBXGroup;
			children = (
				8E48FD3F1E97DAEB0095736C /* AuthService.swift */,
				8E48FD411E980CD10095736C /* DataService.swift */,
			);
			name = Services;
			sourceTree = "<group>";
		};
		8ED576BD1E969917008252C8 = {
			isa = PBXGroup;
			children = (
				8ED576C81E969917008252C8 /* Chatapp */,
				8ED576C71E969917008252C8 /* Products */,
				AD2A60B6EF0A492B3C44AC40 /* Pods */,
				5C936B4965E8CC6F40277BAA /* Frameworks */,
			);
			sourceTree = "<group>";
		};
		8ED576C71E969917008252C8 /* Products */ = {
			isa = PBXGroup;
			children = (
				8ED576C61E969917008252C8 /* Chatapp.app */,
			);
			name = Products;
			sourceTree = "<group>";
		};
		8ED576C81E969917008252C8 /* Chatapp */ = {
			isa = PBXGroup;
			children = (
				8E48FD3E1E97DAC40095736C /* Services */,
				8ED576E61E96F31E008252C8 /* Protocols */,
				8ED576E31E96BDC4008252C8 /* Model */,
				8ED576E21E96BDBE008252C8 /* Controller */,
				8ED576E11E96BDB8008252C8 /* View */,
				8ED576DD1E96BD6F008252C8 /* PhotoCaptureDelegate.swift */,
				8ED576C91E969917008252C8 /* AppDelegate.swift */,
				8ED576D01E969917008252C8 /* Assets.xcassets */,
				8ED576E41E96CB74008252C8 /* Main.storyboard */,
				8ED576D21E969917008252C8 /* LaunchScreen.storyboard */,
				8ED576D51E969917008252C8 /* Info.plist */,
				8ED576E91E972198008252C8 /* GoogleService-Info.plist */,
			);
			path = Chatapp;
			sourceTree = "<group>";
		};
		8ED576E11E96BDB8008252C8 /* View */ = {
			isa = PBXGroup;
			children = (
				8ED576DB1E96BD6F008252C8 /* PreviewView.swift */,
				8ED576EB1E973082008252C8 /* RoundTextField.swift */,
				8ED576ED1E9738B9008252C8 /* RoundedButton.swift */,
				8E48FD451E981C900095736C /* UserCell.swift */,
			);
			name = View;
			sourceTree = "<group>";
		};
		8ED576E21E96BDBE008252C8 /* Controller */ = {
			isa = PBXGroup;
			children = (
				8ED576DC1E96BD6F008252C8 /* CameraViewController.swift */,
				8ED576EF1E973CB6008252C8 /* LoginVC.swift */,
				8E48FD431E981B540095736C /* UsersVC.swift */,
			);
			name = Controller;
			sourceTree = "<group>";
		};
		8ED576E31E96BDC4008252C8 /* Model */ = {
			isa = PBXGroup;
			children = (
				8E48FD471E9820B90095736C /* User.swift */,
			);
			name = Model;
			sourceTree = "<group>";
		};
		8ED576E61E96F31E008252C8 /* Protocols */ = {
			isa = PBXGroup;
			children = (
				8ED576E71E96F355008252C8 /* CameraVCDelegate.swift */,
			);
			name = Protocols;
			sourceTree = "<group>";
		};
		AD2A60B6EF0A492B3C44AC40 /* Pods */ = {
			isa = PBXGroup;
			children = (
				726CF5806FAF3E14418E1695 /* Pods-Chatapp.debug.xcconfig */,
				EFF2DB73A4CE17EBD445B94D /* Pods-Chatapp.release.xcconfig */,
			);
			name = Pods;
			sourceTree = "<group>";
		};
/* End PBXGroup section */

/* Begin PBXNativeTarget section */
		8ED576C51E969917008252C8 /* Chatapp */ = {
			isa = PBXNativeTarget;
			buildConfigurationList = 8ED576D81E969917008252C8 /* Build configuration list for PBXNativeTarget "Chatapp" */;
			buildPhases = (
				C3EEF83B0B1B3887F55F7AAA /* [CP] Check Pods Manifest.lock */,
				8ED576C21E969917008252C8 /* Sources */,
				8ED576C31E969917008252C8 /* Frameworks */,
				8ED576C41E969917008252C8 /* Resources */,
				3CC05702B8652E9BBE6099C0 /* [CP] Embed Pods Frameworks */,
				1438C56F9B46202D795503F1 /* [CP] Copy Pods Resources */,
			);
			buildRules = (
			);
			dependencies = (
			);
			name = Chatapp;
			productName = Chatapp;
			productReference = 8ED576C61E969917008252C8 /* Chatapp.app */;
			productType = "com.apple.product-type.application";
		};
/* End PBXNativeTarget section */

/* Begin PBXProject section */
		8ED576BE1E969917008252C8 /* Project object */ = {
			isa = PBXProject;
			attributes = {
				LastSwiftUpdateCheck = 0830;
				LastUpgradeCheck = 0830;
				ORGANIZATIONNAME = "Mike Barone";
				TargetAttributes = {
					8ED576C51E969917008252C8 = {
						CreatedOnToolsVersion = 8.3;
						DevelopmentTeam = 2QBZLQ669A;
						ProvisioningStyle = Automatic;
					};
				};
			};
			buildConfigurationList = 8ED576C11E969917008252C8 /* Build configuration list for PBXProject "Chatapp" */;
			compatibilityVersion = "Xcode 3.2";
			developmentRegion = English;
			hasScannedForEncodings = 0;
			knownRegions = (
				en,
				Base,
			);
			mainGroup = 8ED576BD1E969917008252C8;
			productRefGroup = 8ED576C71E969917008252C8 /* Products */;
			projectDirPath = "";
			projectRoot = "";
			targets = (
				8ED576C51E969917008252C8 /* Chatapp */,
			);
		};
/* End PBXProject section */

/* Begin PBXResourcesBuildPhase section */
		8ED576C41E969917008252C8 /* Resources */ = {
			isa = PBXResourcesBuildPhase;
			buildActionMask = 2147483647;
			files = (
				8ED576E51E96CB74008252C8 /* Main.storyboard in Resources */,
				8ED576D41E969917008252C8 /* LaunchScreen.storyboard in Resources */,
				8ED576D11E969917008252C8 /* Assets.xcassets in Resources */,
				8ED576EA1E972198008252C8 /* GoogleService-Info.plist in Resources */,
			);
			runOnlyForDeploymentPostprocessing = 0;
		};
/* End PBXResourcesBuildPhase section */

/* Begin PBXShellScriptBuildPhase section */
		1438C56F9B46202D795503F1 /* [CP] Copy Pods Resources */ = {
			isa = PBXShellScriptBuildPhase;
			buildActionMask = 2147483647;
			files = (
			);
			inputPaths = (
			);
			name = "[CP] Copy Pods Resources";
			outputPaths = (
			);
			runOnlyForDeploymentPostprocessing = 0;
			shellPath = /bin/sh;
			shellScript = "\"${SRCROOT}/Pods/Target Support Files/Pods-Chatapp/Pods-Chatapp-resources.sh\"\n";
			showEnvVarsInLog = 0;
		};
		3CC05702B8652E9BBE6099C0 /* [CP] Embed Pods Frameworks */ = {
			isa = PBXShellScriptBuildPhase;
			buildActionMask = 2147483647;
			files = (
			);
			inputPaths = (
			);
			name = "[CP] Embed Pods Frameworks";
			outputPaths = (
			);
			runOnlyForDeploymentPostprocessing = 0;
			shellPath = /bin/sh;
			shellScript = "\"${SRCROOT}/Pods/Target Support Files/Pods-Chatapp/Pods-Chatapp-frameworks.sh\"\n";
			showEnvVarsInLog = 0;
		};
		C3EEF83B0B1B3887F55F7AAA /* [CP] Check Pods Manifest.lock */ = {
			isa = PBXShellScriptBuildPhase;
			buildActionMask = 2147483647;
			files = (
			);
			inputPaths = (
			);
			name = "[CP] Check Pods Manifest.lock";
			outputPaths = (
			);
			runOnlyForDeploymentPostprocessing = 0;
			shellPath = /bin/sh;
			shellScript = "diff \"${PODS_PODFILE_DIR_PATH}/Podfile.lock\" \"${PODS_ROOT}/Manifest.lock\" > /dev/null\nif [ $? != 0 ] ; then\n    # print error to STDERR\n    echo \"error: The sandbox is not in sync with the Podfile.lock. Run 'pod install' or update your CocoaPods installation.\" >&2\n    exit 1\nfi\n";
			showEnvVarsInLog = 0;
		};
/* End PBXShellScriptBuildPhase section */

/* Begin PBXSourcesBuildPhase section */
		8ED576C21E969917008252C8 /* Sources */ = {
			isa = PBXSourcesBuildPhase;
			buildActionMask = 2147483647;
			files = (
				8E48FD481E9820B90095736C /* User.swift in Sources */,
				8ED576DF1E96BD6F008252C8 /* CameraViewController.swift in Sources */,
				8ED576E81E96F355008252C8 /* CameraVCDelegate.swift in Sources */,
				8ED576F01E973CB6008252C8 /* LoginVC.swift in Sources */,
				8E48FD401E97DAEB0095736C /* AuthService.swift in Sources */,
				8ED576CA1E969917008252C8 /* AppDelegate.swift in Sources */,
				8ED576E01E96BD6F008252C8 /* PhotoCaptureDelegate.swift in Sources */,
				8ED576EE1E9738B9008252C8 /* RoundedButton.swift in Sources */,
				8ED576EC1E973082008252C8 /* RoundTextField.swift in Sources */,
				8E48FD461E981C900095736C /* UserCell.swift in Sources */,
				8E48FD441E981B540095736C /* UsersVC.swift in Sources */,
				8ED576DE1E96BD6F008252C8 /* PreviewView.swift in Sources */,
				8E48FD421E980CD10095736C /* DataService.swift in Sources */,
			);
			runOnlyForDeploymentPostprocessing = 0;
		};
/* End PBXSourcesBuildPhase section */

/* Begin PBXVariantGroup section */
		8ED576D21E969917008252C8 /* LaunchScreen.storyboard */ = {
			isa = PBXVariantGroup;
			children = (
				8ED576D31E969917008252C8 /* Base */,
			);
			name = LaunchScreen.storyboard;
			sourceTree = "<group>";
		};
/* End PBXVariantGroup section */

/* Begin XCBuildConfiguration section */
		8ED576D61E969917008252C8 /* Debug */ = {
			isa = XCBuildConfiguration;
			buildSettings = {
				ALWAYS_SEARCH_USER_PATHS = NO;
				CLANG_ANALYZER_NONNULL = YES;
				CLANG_ANALYZER_NUMBER_OBJECT_CONVERSION = YES_AGGRESSIVE;
				CLANG_CXX_LANGUAGE_STANDARD = "gnu++0x";
				CLANG_CXX_LIBRARY = "libc++";
				CLANG_ENABLE_MODULES = YES;
				CLANG_ENABLE_OBJC_ARC = YES;
				CLANG_WARN_BOOL_CONVERSION = YES;
				CLANG_WARN_CONSTANT_CONVERSION = YES;
				CLANG_WARN_DIRECT_OBJC_ISA_USAGE = YES_ERROR;
				CLANG_WARN_DOCUMENTATION_COMMENTS = YES;
				CLANG_WARN_EMPTY_BODY = YES;
				CLANG_WARN_ENUM_CONVERSION = YES;
				CLANG_WARN_INFINITE_RECURSION = YES;
				CLANG_WARN_INT_CONVERSION = YES;
				CLANG_WARN_OBJC_ROOT_CLASS = YES_ERROR;
				CLANG_WARN_SUSPICIOUS_MOVE = YES;
				CLANG_WARN_UNREACHABLE_CODE = YES;
				CLANG_WARN__DUPLICATE_METHOD_MATCH = YES;
				"CODE_SIGN_IDENTITY[sdk=iphoneos*]" = "iPhone Developer";
				COPY_PHASE_STRIP = NO;
				DEBUG_INFORMATION_FORMAT = dwarf;
				ENABLE_STRICT_OBJC_MSGSEND = YES;
				ENABLE_TESTABILITY = YES;
				GCC_C_LANGUAGE_STANDARD = gnu99;
				GCC_DYNAMIC_NO_PIC = NO;
				GCC_NO_COMMON_BLOCKS = YES;
				GCC_OPTIMIZATION_LEVEL = 0;
				GCC_PREPROCESSOR_DEFINITIONS = (
					"DEBUG=1",
					"$(inherited)",
				);
				GCC_WARN_64_TO_32_BIT_CONVERSION = YES;
				GCC_WARN_ABOUT_RETURN_TYPE = YES_ERROR;
				GCC_WARN_UNDECLARED_SELECTOR = YES;
				GCC_WARN_UNINITIALIZED_AUTOS = YES_AGGRESSIVE;
				GCC_WARN_UNUSED_FUNCTION = YES;
				GCC_WARN_UNUSED_VARIABLE = YES;
				IPHONEOS_DEPLOYMENT_TARGET = 10.3;
				MTL_ENABLE_DEBUG_INFO = YES;
				ONLY_ACTIVE_ARCH = YES;
				SDKROOT = iphoneos;
				SWIFT_ACTIVE_COMPILATION_CONDITIONS = DEBUG;
				SWIFT_OPTIMIZATION_LEVEL = "-Onone";
				TARGETED_DEVICE_FAMILY = "1,2";
			};
			name = Debug;
		};
		8ED576D71E969917008252C8 /* Release */ = {
			isa = XCBuildConfiguration;
			buildSettings = {
				ALWAYS_SEARCH_USER_PATHS = NO;
				CLANG_ANALYZER_NONNULL = YES;
				CLANG_ANALYZER_NUMBER_OBJECT_CONVERSION = YES_AGGRESSIVE;
				CLANG_CXX_LANGUAGE_STANDARD = "gnu++0x";
				CLANG_CXX_LIBRARY = "libc++";
				CLANG_ENABLE_MODULES = YES;
				CLANG_ENABLE_OBJC_ARC = YES;
				CLANG_WARN_BOOL_CONVERSION = YES;
				CLANG_WARN_CONSTANT_CONVERSION = YES;
				CLANG_WARN_DIRECT_OBJC_ISA_USAGE = YES_ERROR;
				CLANG_WARN_DOCUMENTATION_COMMENTS = YES;
				CLANG_WARN_EMPTY_BODY = YES;
				CLANG_WARN_ENUM_CONVERSION = YES;
				CLANG_WARN_INFINITE_RECURSION = YES;
				CLANG_WARN_INT_CONVERSION = YES;
				CLANG_WARN_OBJC_ROOT_CLASS = YES_ERROR;
				CLANG_WARN_SUSPICIOUS_MOVE = YES;
				CLANG_WARN_UNREACHABLE_CODE = YES;
				CLANG_WARN__DUPLICATE_METHOD_MATCH = YES;
				"CODE_SIGN_IDENTITY[sdk=iphoneos*]" = "iPhone Developer";
				COPY_PHASE_STRIP = NO;
				DEBUG_INFORMATION_FORMAT = "dwarf-with-dsym";
				ENABLE_NS_ASSERTIONS = NO;
				ENABLE_STRICT_OBJC_MSGSEND = YES;
				GCC_C_LANGUAGE_STANDARD = gnu99;
				GCC_NO_COMMON_BLOCKS = YES;
				GCC_WARN_64_TO_32_BIT_CONVERSION = YES;
				GCC_WARN_ABOUT_RETURN_TYPE = YES_ERROR;
				GCC_WARN_UNDECLARED_SELECTOR = YES;
				GCC_WARN_UNINITIALIZED_AUTOS = YES_AGGRESSIVE;
				GCC_WARN_UNUSED_FUNCTION = YES;
				GCC_WARN_UNUSED_VARIABLE = YES;
				IPHONEOS_DEPLOYMENT_TARGET = 10.3;
				MTL_ENABLE_DEBUG_INFO = NO;
				SDKROOT = iphoneos;
				SWIFT_OPTIMIZATION_LEVEL = "-Owholemodule";
				TARGETED_DEVICE_FAMILY = "1,2";
				VALIDATE_PRODUCT = YES;
			};
			name = Release;
		};
		8ED576D91E969917008252C8 /* Debug */ = {
			isa = XCBuildConfiguration;
			baseConfigurationReference = 726CF5806FAF3E14418E1695 /* Pods-Chatapp.debug.xcconfig */;
			buildSettings = {
				ASSETCATALOG_COMPILER_APPICON_NAME = AppIcon;
				DEVELOPMENT_TEAM = 2QBZLQ669A;
				INFOPLIST_FILE = Chatapp/Info.plist;
				IPHONEOS_DEPLOYMENT_TARGET = 10.2;
				LD_RUNPATH_SEARCH_PATHS = "$(inherited) @executable_path/Frameworks";
				PRODUCT_BUNDLE_IDENTIFIER = com.mikebarone.Chatapp;
				PRODUCT_NAME = "$(TARGET_NAME)";
				SWIFT_VERSION = 3.0;
			};
			name = Debug;
		};
		8ED576DA1E969917008252C8 /* Release */ = {
			isa = XCBuildConfiguration;
			baseConfigurationReference = EFF2DB73A4CE17EBD445B94D /* Pods-Chatapp.release.xcconfig */;
			buildSettings = {
				ASSETCATALOG_COMPILER_APPICON_NAME = AppIcon;
				DEVELOPMENT_TEAM = 2QBZLQ669A;
				INFOPLIST_FILE = Chatapp/Info.plist;
				IPHONEOS_DEPLOYMENT_TARGET = 10.2;
				LD_RUNPATH_SEARCH_PATHS = "$(inherited) @executable_path/Frameworks";
				PRODUCT_BUNDLE_IDENTIFIER = com.mikebarone.Chatapp;
				PRODUCT_NAME = "$(TARGET_NAME)";
				SWIFT_VERSION = 3.0;
			};
			name = Release;
		};
/* End XCBuildConfiguration section */

/* Begin XCConfigurationList section */
		8ED576C11E969917008252C8 /* Build configuration list for PBXProject "Chatapp" */ = {
			isa = XCConfigurationList;
			buildConfigurations = (
				8ED576D61E969917008252C8 /* Debug */,
				8ED576D71E969917008252C8 /* Release */,
			);
			defaultConfigurationIsVisible = 0;
			defaultConfigurationName = Release;
		};
		8ED576D81E969917008252C8 /* Build configuration list for PBXNativeTarget "Chatapp" */ = {
			isa = XCConfigurationList;
			buildConfigurations = (
				8ED576D91E969917008252C8 /* Debug */,
				8ED576DA1E969917008252C8 /* Release */,
			);
			defaultConfigurationIsVisible = 0;
			defaultConfigurationName = Release;
		};
/* End XCConfigurationList section */
	};
	rootObject = 8ED576BE1E969917008252C8 /* Project object */;
}
